Microsoft Visual Studio Solution File, Format Version 11.00
# Visual Studio 2010
Project("{FAE04EC0-301F-11D3-BF4B-00C04F79EFBC}") = "docEUDShowRibbonForm", "docEUDShowRibbonForm.csproj", "{9BAB17B8-307A-493F-BCA7-A8C76FEE2934}"
EndProject
Global
	GlobalSection(SolutionConfigurationPlatforms) = preSolution
		Debug|Any CPU = Debug|Any CPU
		Release|Any CPU = Release|Any CPU
	EndGlobalSection
	GlobalSection(ProjectConfigurationPlatforms) = postSolution
		{9BAB17B8-307A-493F-BCA7-A8C76FEE2934}.Debug|Any CPU.ActiveCfg = Debug|Any CPU
		{9BAB17B8-307A-493F-BCA7-A8C76FEE2934}.Debug|Any CPU.Build.0 = Debug|Any CPU
		{9BAB17B8-307A-493F-BCA7-A8C76FEE2934}.Release|Any CPU.ActiveCfg = Release|Any CPU
		{9BAB17B8-307A-493F-BCA7-A8C76FEE2934}.Release|Any CPU.Build.0 = Release|Any CPU
	EndGlobalSection
	GlobalSection(SolutionProperties) = preSolution
		HideSolutionNode = FALSE
	EndGlobalSection
EndGlobal
